PODS:
  - BlocksKit (2.2.3):
    - BlocksKit/All
  - BlocksKit/All (2.2.3):
    - BlocksKit/Core
    - BlocksKit/DynamicDelegate
    - BlocksKit/MessageUI
    - BlocksKit/UIKit
  - BlocksKit/Core (2.2.3)
  - BlocksKit/DynamicDelegate (2.2.3)
  - BlocksKit/MessageUI (2.2.3):
    - BlocksKit/Core
    - BlocksKit/DynamicDelegate
  - BlocksKit/UIKit (2.2.3):
    - BlocksKit/Core
    - BlocksKit/DynamicDelegate
  - Bolts (1.1.0)
  - Canvas (0.1.1)
  - Facebook-iOS-SDK (3.15.0):
    - Bolts
  - FlatUIKit (1.4)

DEPENDENCIES:
  - BlocksKit
  - Canvas
  - Facebook-iOS-SDK
  - FlatUIKit

SPEC CHECKSUMS:
  BlocksKit: 07c8a80f04275efac6a5f8b973782489c083a182
  Bolts: 91c2af8eae1d44e1dd75946a5b0ae04a43ea43e4
  Canvas: 45356a2e61087a776bfde5090676d290cf67f7f2
  Facebook-iOS-SDK: d67a9aa373f28b581e00cefdfd5a1ab8f883ac14
  FlatUIKit: edc1ed0c130687dc64a10e45851cc58925f6893d

COCOAPODS: 0.33.1
