// !$*UTF8*$!
{
	archiveVersion = 1;
	classes = {
	};
	objectVersion = 46;
	objects = {

/* Begin PBXBuildFile section */
		0F7A259419587ADE001B7839 /* Foundation.framework in Frameworks */ = {isa = PBXBuildFile; fileRef = 0F7A259319587ADE001B7839 /* Foundation.framework */; };
		0F7A259619587ADE001B7839 /* CoreGraphics.framework in Frameworks */ = {isa = PBXBuildFile; fileRef = 0F7A259519587ADE001B7839 /* CoreGraphics.framework */; };
		0F7A259819587ADE001B7839 /* UIKit.framework in Frameworks */ = {isa = PBXBuildFile; fileRef = 0F7A259719587ADE001B7839 /* UIKit.framework */; };
		0F7A259E19587ADE001B7839 /* InfoPlist.strings in Resources */ = {isa = PBXBuildFile; fileRef = 0F7A259C19587ADE001B7839 /* InfoPlist.strings */; };
		0F7A25A019587ADE001B7839 /* main.m in Sources */ = {isa = PBXBuildFile; fileRef = 0F7A259F19587ADE001B7839 /* main.m */; };
		0F7A25A419587ADE001B7839 /* GXAppDelegate.m in Sources */ = {isa = PBXBuildFile; fileRef = 0F7A25A319587ADE001B7839 /* GXAppDelegate.m */; };
		0F7A25A719587ADE001B7839 /* Main.storyboard in Resources */ = {isa = PBXBuildFile; fileRef = 0F7A25A519587ADE001B7839 /* Main.storyboard */; };
		0F7A25AA19587ADE001B7839 /* GXViewController.m in Sources */ = {isa = PBXBuildFile; fileRef = 0F7A25A919587ADE001B7839 /* GXViewController.m */; };
		0F7A25AC19587ADE001B7839 /* Images.xcassets in Resources */ = {isa = PBXBuildFile; fileRef = 0F7A25AB19587ADE001B7839 /* Images.xcassets */; };
		0F7A25B319587ADE001B7839 /* XCTest.framework in Frameworks */ = {isa = PBXBuildFile; fileRef = 0F7A25B219587ADE001B7839 /* XCTest.framework */; };
		0F7A25B419587ADE001B7839 /* Foundation.framework in Frameworks */ = {isa = PBXBuildFile; fileRef = 0F7A259319587ADE001B7839 /* Foundation.framework */; };
		0F7A25B519587ADE001B7839 /* UIKit.framework in Frameworks */ = {isa = PBXBuildFile; fileRef = 0F7A259719587ADE001B7839 /* UIKit.framework */; };
		0F7A25BD19587ADE001B7839 /* InfoPlist.strings in Resources */ = {isa = PBXBuildFile; fileRef = 0F7A25BB19587ADE001B7839 /* InfoPlist.strings */; };
		0F7A25BF19587ADE001B7839 /* BeaconGalaxTests.m in Sources */ = {isa = PBXBuildFile; fileRef = 0F7A25BE19587ADE001B7839 /* BeaconGalaxTests.m */; };
		0F7A25CD19587E3B001B7839 /* GXBeacon.m in Sources */ = {isa = PBXBuildFile; fileRef = 0F7A25CC19587E3B001B7839 /* GXBeacon.m */; };
		0F7A25CF19587E74001B7839 /* CoreLocation.framework in Frameworks */ = {isa = PBXBuildFile; fileRef = 0F7A25CE19587E74001B7839 /* CoreLocation.framework */; };
		0F7A25D219588264001B7839 /* GXBeaconRegion.m in Sources */ = {isa = PBXBuildFile; fileRef = 0F7A25D119588264001B7839 /* GXBeaconRegion.m */; };
		0F7A25D51959B56E001B7839 /* GXBeaconTableViewController.m in Sources */ = {isa = PBXBuildFile; fileRef = 0F7A25D41959B56E001B7839 /* GXBeaconTableViewController.m */; };
		0F7A25D81959C014001B7839 /* green.png in Resources */ = {isa = PBXBuildFile; fileRef = 0F7A25D61959C014001B7839 /* green.png */; };
		0F7A25D91959C014001B7839 /* red.png in Resources */ = {isa = PBXBuildFile; fileRef = 0F7A25D71959C014001B7839 /* red.png */; };
		0F7A25DD1959E4AF001B7839 /* GXCustomCell.m in Sources */ = {isa = PBXBuildFile; fileRef = 0F7A25DB1959E4AF001B7839 /* GXCustomCell.m */; };
		0F7A25DE1959E4AF001B7839 /* GXCustomCell.xib in Resources */ = {isa = PBXBuildFile; fileRef = 0F7A25DC1959E4AF001B7839 /* GXCustomCell.xib */; };
		0F7F412B195B206100A796AD /* me.png in Resources */ = {isa = PBXBuildFile; fileRef = 0F7F412A195B206100A796AD /* me.png */; };
		0F7F412D195B206800A796AD /* GXAction.png in Resources */ = {isa = PBXBuildFile; fileRef = 0F7F412C195B206800A796AD /* GXAction.png */; };
		0F7F412F195B206C00A796AD /* GXBeaconTable.png in Resources */ = {isa = PBXBuildFile; fileRef = 0F7F412E195B206C00A796AD /* GXBeaconTable.png */; };
		0F7F4131195B22DC00A796AD /* GXBeaconTable-reverse.png in Resources */ = {isa = PBXBuildFile; fileRef = 0F7F4130195B22DC00A796AD /* GXBeaconTable-reverse.png */; };
		0FD26D7B1959F0E7005E2B95 /* GXTableViewConst.m in Sources */ = {isa = PBXBuildFile; fileRef = 0FD26D7A1959F0E7005E2B95 /* GXTableViewConst.m */; };
		0FD26D811959F689005E2B95 /* GXCustomSectionHeader.m in Sources */ = {isa = PBXBuildFile; fileRef = 0FD26D7F1959F689005E2B95 /* GXCustomSectionHeader.m */; };
		0FD26D821959F689005E2B95 /* GXCustomSectionHeader.xib in Resources */ = {isa = PBXBuildFile; fileRef = 0FD26D801959F689005E2B95 /* GXCustomSectionHeader.xib */; };
		0FD26D85195A0680005E2B95 /* GXGradientView.m in Sources */ = {isa = PBXBuildFile; fileRef = 0FD26D84195A0680005E2B95 /* GXGradientView.m */; };
		0FD26D89195A0A11005E2B95 /* UIColor+GXtheme.m in Sources */ = {isa = PBXBuildFile; fileRef = 0FD26D88195A0A11005E2B95 /* UIColor+GXtheme.m */; };
		0FD26D8D195A9820005E2B95 /* GXNotification.m in Sources */ = {isa = PBXBuildFile; fileRef = 0FD26D8C195A9820005E2B95 /* GXNotification.m */; };
		CEEFFA2740D749D0AE5B5B2D /* libPods.a in Frameworks */ = {isa = PBXBuildFile; fileRef = 0F597A99B7864A4393B072E4 /* libPods.a */; };
/* End PBXBuildFile section */

/* Begin PBXContainerItemProxy section */
		0F7A25B619587ADE001B7839 /* PBXContainerItemProxy */ = {
			isa = PBXContainerItemProxy;
			containerPortal = 0F7A258819587ADE001B7839 /* Project object */;
			proxyType = 1;
			remoteGlobalIDString = 0F7A258F19587ADE001B7839;
			remoteInfo = BeaconGalax;
		};
/* End PBXContainerItemProxy section */

/* Begin PBXFileReference section */
		0F597A99B7864A4393B072E4 /* libPods.a */ = {isa = PBXFileReference; explicitFileType = archive.ar; includeInIndex = 0; path = libPods.a; sourceTree = BUILT_PRODUCTS_DIR; };
		0F7A259019587ADE001B7839 /* BeaconGalax.app */ = {isa = PBXFileReference; explicitFileType = wrapper.application; includeInIndex = 0; path = BeaconGalax.app; sourceTree = BUILT_PRODUCTS_DIR; };
		0F7A259319587ADE001B7839 /* Foundation.framework */ = {isa = PBXFileReference; lastKnownFileType = wrapper.framework; name = Foundation.framework; path = System/Library/Frameworks/Foundation.framework; sourceTree = SDKROOT; };
		0F7A259519587ADE001B7839 /* CoreGraphics.framework */ = {isa = PBXFileReference; lastKnownFileType = wrapper.framework; name = CoreGraphics.framework; path = System/Library/Frameworks/CoreGraphics.framework; sourceTree = SDKROOT; };
		0F7A259719587ADE001B7839 /* UIKit.framework */ = {isa = PBXFileReference; lastKnownFileType = wrapper.framework; name = UIKit.framework; path = System/Library/Frameworks/UIKit.framework; sourceTree = SDKROOT; };
		0F7A259B19587ADE001B7839 /* BeaconGalax-Info.plist */ = {isa = PBXFileReference; lastKnownFileType = text.plist.xml; path = "BeaconGalax-Info.plist"; sourceTree = "<group>"; };
		0F7A259D19587ADE001B7839 /* en */ = {isa = PBXFileReference; lastKnownFileType = text.plist.strings; name = en; path = en.lproj/InfoPlist.strings; sourceTree = "<group>"; };
		0F7A259F19587ADE001B7839 /* main.m */ = {isa = PBXFileReference; lastKnownFileType = sourcecode.c.objc; path = main.m; sourceTree = "<group>"; };
		0F7A25A119587ADE001B7839 /* BeaconGalax-Prefix.pch */ = {isa = PBXFileReference; lastKnownFileType = sourcecode.c.h; path = "BeaconGalax-Prefix.pch"; sourceTree = "<group>"; };
		0F7A25A219587ADE001B7839 /* GXAppDelegate.h */ = {isa = PBXFileReference; lastKnownFileType = sourcecode.c.h; path = GXAppDelegate.h; sourceTree = "<group>"; };
		0F7A25A319587ADE001B7839 /* GXAppDelegate.m */ = {isa = PBXFileReference; lastKnownFileType = sourcecode.c.objc; path = GXAppDelegate.m; sourceTree = "<group>"; };
		0F7A25A619587ADE001B7839 /* Base */ = {isa = PBXFileReference; lastKnownFileType = file.storyboard; name = Base; path = Base.lproj/Main.storyboard; sourceTree = "<group>"; };
		0F7A25A819587ADE001B7839 /* GXViewController.h */ = {isa = PBXFileReference; lastKnownFileType = sourcecode.c.h; path = GXViewController.h; sourceTree = "<group>"; };
		0F7A25A919587ADE001B7839 /* GXViewController.m */ = {isa = PBXFileReference; lastKnownFileType = sourcecode.c.objc; path = GXViewController.m; sourceTree = "<group>"; };
		0F7A25AB19587ADE001B7839 /* Images.xcassets */ = {isa = PBXFileReference; lastKnownFileType = folder.assetcatalog; path = Images.xcassets; sourceTree = "<group>"; };
		0F7A25B119587ADE001B7839 /* BeaconGalaxTests.xctest */ = {isa = PBXFileReference; explicitFileType = wrapper.cfbundle; includeInIndex = 0; path = BeaconGalaxTests.xctest; sourceTree = BUILT_PRODUCTS_DIR; };
		0F7A25B219587ADE001B7839 /* XCTest.framework */ = {isa = PBXFileReference; lastKnownFileType = wrapper.framework; name = XCTest.framework; path = Library/Frameworks/XCTest.framework; sourceTree = DEVELOPER_DIR; };
		0F7A25BA19587ADE001B7839 /* BeaconGalaxTests-Info.plist */ = {isa = PBXFileReference; lastKnownFileType = text.plist.xml; path = "BeaconGalaxTests-Info.plist"; sourceTree = "<group>"; };
		0F7A25BC19587ADE001B7839 /* en */ = {isa = PBXFileReference; lastKnownFileType = text.plist.strings; name = en; path = en.lproj/InfoPlist.strings; sourceTree = "<group>"; };
		0F7A25BE19587ADE001B7839 /* BeaconGalaxTests.m */ = {isa = PBXFileReference; lastKnownFileType = sourcecode.c.objc; path = BeaconGalaxTests.m; sourceTree = "<group>"; };
		0F7A25CB19587E3B001B7839 /* GXBeacon.h */ = {isa = PBXFileReference; fileEncoding = 4; lastKnownFileType = sourcecode.c.h; path = GXBeacon.h; sourceTree = "<group>"; };
		0F7A25CC19587E3B001B7839 /* GXBeacon.m */ = {isa = PBXFileReference; fileEncoding = 4; lastKnownFileType = sourcecode.c.objc; path = GXBeacon.m; sourceTree = "<group>"; };
		0F7A25CE19587E74001B7839 /* CoreLocation.framework */ = {isa = PBXFileReference; lastKnownFileType = wrapper.framework; name = CoreLocation.framework; path = System/Library/Frameworks/CoreLocation.framework; sourceTree = SDKROOT; };
		0F7A25D019588264001B7839 /* GXBeaconRegion.h */ = {isa = PBXFileReference; fileEncoding = 4; lastKnownFileType = sourcecode.c.h; path = GXBeaconRegion.h; sourceTree = "<group>"; };
		0F7A25D119588264001B7839 /* GXBeaconRegion.m */ = {isa = PBXFileReference; fileEncoding = 4; lastKnownFileType = sourcecode.c.objc; path = GXBeaconRegion.m; sourceTree = "<group>"; };
		0F7A25D31959B56E001B7839 /* GXBeaconTableViewController.h */ = {isa = PBXFileReference; fileEncoding = 4; lastKnownFileType = sourcecode.c.h; path = GXBeaconTableViewController.h; sourceTree = "<group>"; };
		0F7A25D41959B56E001B7839 /* GXBeaconTableViewController.m */ = {isa = PBXFileReference; fileEncoding = 4; lastKnownFileType = sourcecode.c.objc; path = GXBeaconTableViewController.m; sourceTree = "<group>"; };
		0F7A25D61959C014001B7839 /* green.png */ = {isa = PBXFileReference; lastKnownFileType = image.png; name = green.png; path = BeaconGalax/green.png; sourceTree = "<group>"; };
		0F7A25D71959C014001B7839 /* red.png */ = {isa = PBXFileReference; lastKnownFileType = image.png; name = red.png; path = BeaconGalax/red.png; sourceTree = "<group>"; };
		0F7A25DA1959E4AF001B7839 /* GXCustomCell.h */ = {isa = PBXFileReference; fileEncoding = 4; lastKnownFileType = sourcecode.c.h; path = GXCustomCell.h; sourceTree = "<group>"; };
		0F7A25DB1959E4AF001B7839 /* GXCustomCell.m */ = {isa = PBXFileReference; fileEncoding = 4; lastKnownFileType = sourcecode.c.objc; path = GXCustomCell.m; sourceTree = "<group>"; };
		0F7A25DC1959E4AF001B7839 /* GXCustomCell.xib */ = {isa = PBXFileReference; fileEncoding = 4; lastKnownFileType = file.xib; path = GXCustomCell.xib; sourceTree = "<group>"; };
		0F7F412A195B206100A796AD /* me.png */ = {isa = PBXFileReference; lastKnownFileType = image.png; path = me.png; sourceTree = "<group>"; };
		0F7F412C195B206800A796AD /* GXAction.png */ = {isa = PBXFileReference; lastKnownFileType = image.png; path = GXAction.png; sourceTree = "<group>"; };
		0F7F412E195B206C00A796AD /* GXBeaconTable.png */ = {isa = PBXFileReference; lastKnownFileType = image.png; path = GXBeaconTable.png; sourceTree = "<group>"; };
		0F7F4130195B22DC00A796AD /* GXBeaconTable-reverse.png */ = {isa = PBXFileReference; lastKnownFileType = image.png; path = "GXBeaconTable-reverse.png"; sourceTree = "<group>"; };
		0FD26D791959F0E7005E2B95 /* GXTableViewConst.h */ = {isa = PBXFileReference; fileEncoding = 4; lastKnownFileType = sourcecode.c.h; path = GXTableViewConst.h; sourceTree = "<group>"; };
		0FD26D7A1959F0E7005E2B95 /* GXTableViewConst.m */ = {isa = PBXFileReference; fileEncoding = 4; lastKnownFileType = sourcecode.c.objc; path = GXTableViewConst.m; sourceTree = "<group>"; };
		0FD26D7E1959F689005E2B95 /* GXCustomSectionHeader.h */ = {isa = PBXFileReference; fileEncoding = 4; lastKnownFileType = sourcecode.c.h; path = GXCustomSectionHeader.h; sourceTree = "<group>"; };
		0FD26D7F1959F689005E2B95 /* GXCustomSectionHeader.m */ = {isa = PBXFileReference; fileEncoding = 4; lastKnownFileType = sourcecode.c.objc; path = GXCustomSectionHeader.m; sourceTree = "<group>"; };
		0FD26D801959F689005E2B95 /* GXCustomSectionHeader.xib */ = {isa = PBXFileReference; fileEncoding = 4; lastKnownFileType = file.xib; path = GXCustomSectionHeader.xib; sourceTree = "<group>"; };
		0FD26D83195A0680005E2B95 /* GXGradientView.h */ = {isa = PBXFileReference; fileEncoding = 4; lastKnownFileType = sourcecode.c.h; path = GXGradientView.h; sourceTree = "<group>"; };
		0FD26D84195A0680005E2B95 /* GXGradientView.m */ = {isa = PBXFileReference; fileEncoding = 4; lastKnownFileType = sourcecode.c.objc; path = GXGradientView.m; sourceTree = "<group>"; };
		0FD26D87195A0A11005E2B95 /* UIColor+GXtheme.h */ = {isa = PBXFileReference; fileEncoding = 4; lastKnownFileType = sourcecode.c.h; path = "UIColor+GXtheme.h"; sourceTree = "<group>"; };
		0FD26D88195A0A11005E2B95 /* UIColor+GXtheme.m */ = {isa = PBXFileReference; fileEncoding = 4; lastKnownFileType = sourcecode.c.objc; path = "UIColor+GXtheme.m"; sourceTree = "<group>"; };
		0FD26D8B195A9820005E2B95 /* GXNotification.h */ = {isa = PBXFileReference; fileEncoding = 4; lastKnownFileType = sourcecode.c.h; path = GXNotification.h; sourceTree = "<group>"; };
		0FD26D8C195A9820005E2B95 /* GXNotification.m */ = {isa = PBXFileReference; fileEncoding = 4; lastKnownFileType = sourcecode.c.objc; path = GXNotification.m; sourceTree = "<group>"; };
		E359C94E1AFB4D60B499DEE6 /* Pods.xcconfig */ = {isa = PBXFileReference; includeInIndex = 1; lastKnownFileType = text.xcconfig; name = Pods.xcconfig; path = Pods/Pods.xcconfig; sourceTree = "<group>"; };
/* End PBXFileReference section */

/* Begin PBXFrameworksBuildPhase section */
		0F7A258D19587ADE001B7839 /* Frameworks */ = {
			isa = PBXFrameworksBuildPhase;
			buildActionMask = 2147483647;
			files = (
				0F7A25CF19587E74001B7839 /* CoreLocation.framework in Frameworks */,
				0F7A259619587ADE001B7839 /* CoreGraphics.framework in Frameworks */,
				0F7A259819587ADE001B7839 /* UIKit.framework in Frameworks */,
				0F7A259419587ADE001B7839 /* Foundation.framework in Frameworks */,
				CEEFFA2740D749D0AE5B5B2D /* libPods.a in Frameworks */,
			);
			runOnlyForDeploymentPostprocessing = 0;
		};
		0F7A25AE19587ADE001B7839 /* Frameworks */ = {
			isa = PBXFrameworksBuildPhase;
			buildActionMask = 2147483647;
			files = (
				0F7A25B319587ADE001B7839 /* XCTest.framework in Frameworks */,
				0F7A25B519587ADE001B7839 /* UIKit.framework in Frameworks */,
				0F7A25B419587ADE001B7839 /* Foundation.framework in Frameworks */,
			);
			runOnlyForDeploymentPostprocessing = 0;
		};
/* End PBXFrameworksBuildPhase section */

/* Begin PBXGroup section */
		0F7A258719587ADE001B7839 = {
			isa = PBXGroup;
			children = (
				0F7F4129195B203900A796AD /* Resources */,
				0F7A259919587ADE001B7839 /* BeaconGalax */,
				0F7A25B819587ADE001B7839 /* BeaconGalaxTests */,
				0F7A259219587ADE001B7839 /* Frameworks */,
				0F7A259119587ADE001B7839 /* Products */,
				E359C94E1AFB4D60B499DEE6 /* Pods.xcconfig */,
			);
			sourceTree = "<group>";
		};
		0F7A259119587ADE001B7839 /* Products */ = {
			isa = PBXGroup;
			children = (
				0F7A259019587ADE001B7839 /* BeaconGalax.app */,
				0F7A25B119587ADE001B7839 /* BeaconGalaxTests.xctest */,
			);
			name = Products;
			sourceTree = "<group>";
		};
		0F7A259219587ADE001B7839 /* Frameworks */ = {
			isa = PBXGroup;
			children = (
				0F7A25CE19587E74001B7839 /* CoreLocation.framework */,
				0F7A259319587ADE001B7839 /* Foundation.framework */,
				0F7A259519587ADE001B7839 /* CoreGraphics.framework */,
				0F7A259719587ADE001B7839 /* UIKit.framework */,
				0F7A25B219587ADE001B7839 /* XCTest.framework */,
				0F597A99B7864A4393B072E4 /* libPods.a */,
			);
			name = Frameworks;
			sourceTree = "<group>";
		};
		0F7A259919587ADE001B7839 /* BeaconGalax */ = {
			isa = PBXGroup;
			children = (
				0FD26D8A195A0E54005E2B95 /* utility */,
				0FD26D86195A09DC005E2B95 /* category */,
				0FD26D7D1959F343005E2B95 /* const */,
				0FD26D7C1959F32C005E2B95 /* View */,
				0F7A25C819587DFA001B7839 /* storyboard */,
				0F7A25C919587E0C001B7839 /* Controller */,
				0F7A25AB19587ADE001B7839 /* Images.xcassets */,
				0F7A259A19587ADE001B7839 /* Supporting Files */,
			);
			path = BeaconGalax;
			sourceTree = "<group>";
		};
		0F7A259A19587ADE001B7839 /* Supporting Files */ = {
			isa = PBXGroup;
			children = (
				0F7A259B19587ADE001B7839 /* BeaconGalax-Info.plist */,
				0F7A259C19587ADE001B7839 /* InfoPlist.strings */,
				0F7A259F19587ADE001B7839 /* main.m */,
				0F7A25A119587ADE001B7839 /* BeaconGalax-Prefix.pch */,
			);
			name = "Supporting Files";
			sourceTree = "<group>";
		};
		0F7A25B819587ADE001B7839 /* BeaconGalaxTests */ = {
			isa = PBXGroup;
			children = (
				0F7A25BE19587ADE001B7839 /* BeaconGalaxTests.m */,
				0F7A25B919587ADE001B7839 /* Supporting Files */,
			);
			path = BeaconGalaxTests;
			sourceTree = "<group>";
		};
		0F7A25B919587ADE001B7839 /* Supporting Files */ = {
			isa = PBXGroup;
			children = (
				0F7A25BA19587ADE001B7839 /* BeaconGalaxTests-Info.plist */,
				0F7A25BB19587ADE001B7839 /* InfoPlist.strings */,
			);
			name = "Supporting Files";
			sourceTree = "<group>";
		};
		0F7A25C819587DFA001B7839 /* storyboard */ = {
			isa = PBXGroup;
			children = (
				0F7A25A519587ADE001B7839 /* Main.storyboard */,
			);
			name = storyboard;
			sourceTree = "<group>";
		};
		0F7A25C919587E0C001B7839 /* Controller */ = {
			isa = PBXGroup;
			children = (
				0F7A25CA19587E1E001B7839 /* AppDelegate */,
				0F7A25A819587ADE001B7839 /* GXViewController.h */,
				0F7A25A919587ADE001B7839 /* GXViewController.m */,
				0F7A25CB19587E3B001B7839 /* GXBeacon.h */,
				0F7A25CC19587E3B001B7839 /* GXBeacon.m */,
				0F7A25D019588264001B7839 /* GXBeaconRegion.h */,
				0F7A25D119588264001B7839 /* GXBeaconRegion.m */,
				0F7A25D31959B56E001B7839 /* GXBeaconTableViewController.h */,
				0F7A25D41959B56E001B7839 /* GXBeaconTableViewController.m */,
			);
			name = Controller;
			sourceTree = "<group>";
		};
		0F7A25CA19587E1E001B7839 /* AppDelegate */ = {
			isa = PBXGroup;
			children = (
				0F7A25A219587ADE001B7839 /* GXAppDelegate.h */,
				0F7A25A319587ADE001B7839 /* GXAppDelegate.m */,
			);
			name = AppDelegate;
			sourceTree = "<group>";
		};
		0F7F4129195B203900A796AD /* Resources */ = {
			isa = PBXGroup;
			children = (
				0F7F412E195B206C00A796AD /* GXBeaconTable.png */,
				0F7F4130195B22DC00A796AD /* GXBeaconTable-reverse.png */,
				0F7F412C195B206800A796AD /* GXAction.png */,
				0F7F412A195B206100A796AD /* me.png */,
				0F7A25D61959C014001B7839 /* green.png */,
				0F7A25D71959C014001B7839 /* red.png */,
			);
			name = Resources;
			sourceTree = "<group>";
		};
		0FD26D7C1959F32C005E2B95 /* View */ = {
			isa = PBXGroup;
			children = (
				0F7A25DA1959E4AF001B7839 /* GXCustomCell.h */,
				0F7A25DB1959E4AF001B7839 /* GXCustomCell.m */,
				0F7A25DC1959E4AF001B7839 /* GXCustomCell.xib */,
				0FD26D7E1959F689005E2B95 /* GXCustomSectionHeader.h */,
				0FD26D7F1959F689005E2B95 /* GXCustomSectionHeader.m */,
				0FD26D801959F689005E2B95 /* GXCustomSectionHeader.xib */,
				0FD26D83195A0680005E2B95 /* GXGradientView.h */,
				0FD26D84195A0680005E2B95 /* GXGradientView.m */,
			);
			name = View;
			sourceTree = "<group>";
		};
		0FD26D7D1959F343005E2B95 /* const */ = {
			isa = PBXGroup;
			children = (
				0FD26D791959F0E7005E2B95 /* GXTableViewConst.h */,
				0FD26D7A1959F0E7005E2B95 /* GXTableViewConst.m */,
			);
			name = const;
			sourceTree = "<group>";
		};
		0FD26D86195A09DC005E2B95 /* category */ = {
			isa = PBXGroup;
			children = (
				0FD26D87195A0A11005E2B95 /* UIColor+GXtheme.h */,
				0FD26D88195A0A11005E2B95 /* UIColor+GXtheme.m */,
			);
			name = category;
			sourceTree = "<group>";
		};
		0FD26D8A195A0E54005E2B95 /* utility */ = {
			isa = PBXGroup;
			children = (
				0FD26D8B195A9820005E2B95 /* GXNotification.h */,
				0FD26D8C195A9820005E2B95 /* GXNotification.m */,
			);
			name = utility;
			sourceTree = "<group>";
		};
/* End PBXGroup section */

/* Begin PBXNativeTarget section */
		0F7A258F19587ADE001B7839 /* BeaconGalax */ = {
			isa = PBXNativeTarget;
			buildConfigurationList = 0F7A25C219587ADE001B7839 /* Build configuration list for PBXNativeTarget "BeaconGalax" */;
			buildPhases = (
				504CB1DDB18344078008FBC1 /* Check Pods Manifest.lock */,
				0F7A258C19587ADE001B7839 /* Sources */,
				0F7A258D19587ADE001B7839 /* Frameworks */,
				0F7A258E19587ADE001B7839 /* Resources */,
				99982ECECCF04735A18B9962 /* Copy Pods Resources */,
			);
			buildRules = (
			);
			dependencies = (
			);
			name = BeaconGalax;
			productName = BeaconGalax;
			productReference = 0F7A259019587ADE001B7839 /* BeaconGalax.app */;
			productType = "com.apple.product-type.application";
		};
		0F7A25B019587ADE001B7839 /* BeaconGalaxTests */ = {
			isa = PBXNativeTarget;
			buildConfigurationList = 0F7A25C519587ADE001B7839 /* Build configuration list for PBXNativeTarget "BeaconGalaxTests" */;
			buildPhases = (
				0F7A25AD19587ADE001B7839 /* Sources */,
				0F7A25AE19587ADE001B7839 /* Frameworks */,
				0F7A25AF19587ADE001B7839 /* Resources */,
			);
			buildRules = (
			);
			dependencies = (
				0F7A25B719587ADE001B7839 /* PBXTargetDependency */,
			);
			name = BeaconGalaxTests;
			productName = BeaconGalaxTests;
			productReference = 0F7A25B119587ADE001B7839 /* BeaconGalaxTests.xctest */;
			productType = "com.apple.product-type.bundle.unit-test";
		};
/* End PBXNativeTarget section */

/* Begin PBXProject section */
		0F7A258819587ADE001B7839 /* Project object */ = {
			isa = PBXProject;
			attributes = {
				CLASSPREFIX = GX;
				LastUpgradeCheck = 0510;
				ORGANIZATIONNAME = "古田貴久";
				TargetAttributes = {
					0F7A25B019587ADE001B7839 = {
						TestTargetID = 0F7A258F19587ADE001B7839;
					};
				};
			};
			buildConfigurationList = 0F7A258B19587ADE001B7839 /* Build configuration list for PBXProject "BeaconGalax" */;
			compatibilityVersion = "Xcode 3.2";
			developmentRegion = English;
			hasScannedForEncodings = 0;
			knownRegions = (
				en,
				Base,
			);
			mainGroup = 0F7A258719587ADE001B7839;
			productRefGroup = 0F7A259119587ADE001B7839 /* Products */;
			projectDirPath = "";
			projectRoot = "";
			targets = (
				0F7A258F19587ADE001B7839 /* BeaconGalax */,
				0F7A25B019587ADE001B7839 /* BeaconGalaxTests */,
			);
		};
/* End PBXProject section */

/* Begin PBXResourcesBuildPhase section */
		0F7A258E19587ADE001B7839 /* Resources */ = {
			isa = PBXResourcesBuildPhase;
			buildActionMask = 2147483647;
			files = (
				0FD26D821959F689005E2B95 /* GXCustomSectionHeader.xib in Resources */,
				0F7A25AC19587ADE001B7839 /* Images.xcassets in Resources */,
				0F7A25D81959C014001B7839 /* green.png in Resources */,
				0F7F412F195B206C00A796AD /* GXBeaconTable.png in Resources */,
				0F7F412B195B206100A796AD /* me.png in Resources */,
				0F7A259E19587ADE001B7839 /* InfoPlist.strings in Resources */,
				0F7A25D91959C014001B7839 /* red.png in Resources */,
				0F7A25A719587ADE001B7839 /* Main.storyboard in Resources */,
				0F7F412D195B206800A796AD /* GXAction.png in Resources */,
				0F7F4131195B22DC00A796AD /* GXBeaconTable-reverse.png in Resources */,
				0F7A25DE1959E4AF001B7839 /* GXCustomCell.xib in Resources */,
			);
			runOnlyForDeploymentPostprocessing = 0;
		};
		0F7A25AF19587ADE001B7839 /* Resources */ = {
			isa = PBXResourcesBuildPhase;
			buildActionMask = 2147483647;
			files = (
				0F7A25BD19587ADE001B7839 /* InfoPlist.strings in Resources */,
			);
			runOnlyForDeploymentPostprocessing = 0;
		};
/* End PBXResourcesBuildPhase section */

/* Begin PBXShellScriptBuildPhase section */
		504CB1DDB18344078008FBC1 /* Check Pods Manifest.lock */ = {
			isa = PBXShellScriptBuildPhase;
			buildActionMask = 2147483647;
			files = (
			);
			inputPaths = (
			);
			name = "Check Pods Manifest.lock";
			outputPaths = (
			);
			runOnlyForDeploymentPostprocessing = 0;
			shellPath = /bin/sh;
			shellScript = "diff \"${PODS_ROOT}/../Podfile.lock\" \"${PODS_ROOT}/Manifest.lock\" > /dev/null\nif [[ $? != 0 ]] ; then\n    cat << EOM\nerror: The sandbox is not in sync with the Podfile.lock. Run 'pod install' or update your CocoaPods installation.\nEOM\n    exit 1\nfi\n";
			showEnvVarsInLog = 0;
		};
		99982ECECCF04735A18B9962 /* Copy Pods Resources */ = {
			isa = PBXShellScriptBuildPhase;
			buildActionMask = 2147483647;
			files = (
			);
			inputPaths = (
			);
			name = "Copy Pods Resources";
			outputPaths = (
			);
			runOnlyForDeploymentPostprocessing = 0;
			shellPath = /bin/sh;
			shellScript = "\"${SRCROOT}/Pods/Pods-resources.sh\"\n";
			showEnvVarsInLog = 0;
		};
/* End PBXShellScriptBuildPhase section */

/* Begin PBXSourcesBuildPhase section */
		0F7A258C19587ADE001B7839 /* Sources */ = {
			isa = PBXSourcesBuildPhase;
			buildActionMask = 2147483647;
			files = (
				0FD26D811959F689005E2B95 /* GXCustomSectionHeader.m in Sources */,
				0F7A25DD1959E4AF001B7839 /* GXCustomCell.m in Sources */,
				0F7A25D219588264001B7839 /* GXBeaconRegion.m in Sources */,
				0F7A25CD19587E3B001B7839 /* GXBeacon.m in Sources */,
				0F7A25A019587ADE001B7839 /* main.m in Sources */,
				0FD26D85195A0680005E2B95 /* GXGradientView.m in Sources */,
				0FD26D89195A0A11005E2B95 /* UIColor+GXtheme.m in Sources */,
				0F7A25AA19587ADE001B7839 /* GXViewController.m in Sources */,
				0F7A25D51959B56E001B7839 /* GXBeaconTableViewController.m in Sources */,
				0FD26D8D195A9820005E2B95 /* GXNotification.m in Sources */,
				0FD26D7B1959F0E7005E2B95 /* GXTableViewConst.m in Sources */,
				0F7A25A419587ADE001B7839 /* GXAppDelegate.m in Sources */,
			);
			runOnlyForDeploymentPostprocessing = 0;
		};
		0F7A25AD19587ADE001B7839 /* Sources */ = {
			isa = PBXSourcesBuildPhase;
			buildActionMask = 2147483647;
			files = (
				0F7A25BF19587ADE001B7839 /* BeaconGalaxTests.m in Sources */,
			);
			runOnlyForDeploymentPostprocessing = 0;
		};
/* End PBXSourcesBuildPhase section */

/* Begin PBXTargetDependency section */
		0F7A25B719587ADE001B7839 /* PBXTargetDependency */ = {
			isa = PBXTargetDependency;
			target = 0F7A258F19587ADE001B7839 /* BeaconGalax */;
			targetProxy = 0F7A25B619587ADE001B7839 /* PBXContainerItemProxy */;
		};
/* End PBXTargetDependency section */

/* Begin PBXVariantGroup section */
		0F7A259C19587ADE001B7839 /* InfoPlist.strings */ = {
			isa = PBXVariantGroup;
			children = (
				0F7A259D19587ADE001B7839 /* en */,
			);
			name = InfoPlist.strings;
			sourceTree = "<group>";
		};
		0F7A25A519587ADE001B7839 /* Main.storyboard */ = {
			isa = PBXVariantGroup;
			children = (
				0F7A25A619587ADE001B7839 /* Base */,
			);
			name = Main.storyboard;
			sourceTree = "<group>";
		};
		0F7A25BB19587ADE001B7839 /* InfoPlist.strings */ = {
			isa = PBXVariantGroup;
			children = (
				0F7A25BC19587ADE001B7839 /* en */,
			);
			name = InfoPlist.strings;
			sourceTree = "<group>";
		};
/* End PBXVariantGroup section */

/* Begin XCBuildConfiguration section */
		0F7A25C019587ADE001B7839 /* Debug */ = {
			isa = XCBuildConfiguration;
			buildSettings = {
				ALWAYS_SEARCH_USER_PATHS = NO;
				CLANG_CXX_LANGUAGE_STANDARD = "gnu++0x";
				CLANG_CXX_LIBRARY = "libc++";
				CLANG_ENABLE_MODULES = YES;
				CLANG_ENABLE_OBJC_ARC = YES;
				CLANG_WARN_BOOL_CONVERSION = YES;
				CLANG_WARN_CONSTANT_CONVERSION = YES;
				CLANG_WARN_DIRECT_OBJC_ISA_USAGE = YES_ERROR;
				CLANG_WARN_EMPTY_BODY = YES;
				CLANG_WARN_ENUM_CONVERSION = YES;
				CLANG_WARN_INT_CONVERSION = YES;
				CLANG_WARN_OBJC_ROOT_CLASS = YES_ERROR;
				CLANG_WARN__DUPLICATE_METHOD_MATCH = YES;
				"CODE_SIGN_IDENTITY[sdk=iphoneos*]" = "iPhone Developer";
				COPY_PHASE_STRIP = NO;
				GCC_C_LANGUAGE_STANDARD = gnu99;
				GCC_DYNAMIC_NO_PIC = NO;
				GCC_OPTIMIZATION_LEVEL = 0;
				GCC_PREPROCESSOR_DEFINITIONS = (
					"DEBUG=1",
					"$(inherited)",
				);
				GCC_SYMBOLS_PRIVATE_EXTERN = NO;
				GCC_WARN_64_TO_32_BIT_CONVERSION = YES;
				GCC_WARN_ABOUT_RETURN_TYPE = YES_ERROR;
				GCC_WARN_UNDECLARED_SELECTOR = YES;
				GCC_WARN_UNINITIALIZED_AUTOS = YES_AGGRESSIVE;
				GCC_WARN_UNUSED_FUNCTION = YES;
				GCC_WARN_UNUSED_VARIABLE = YES;
				IPHONEOS_DEPLOYMENT_TARGET = 7.1;
				ONLY_ACTIVE_ARCH = YES;
				SDKROOT = iphoneos;
			};
			name = Debug;
		};
		0F7A25C119587ADE001B7839 /* Release */ = {
			isa = XCBuildConfiguration;
			buildSettings = {
				ALWAYS_SEARCH_USER_PATHS = NO;
				CLANG_CXX_LANGUAGE_STANDARD = "gnu++0x";
				CLANG_CXX_LIBRARY = "libc++";
				CLANG_ENABLE_MODULES = YES;
				CLANG_ENABLE_OBJC_ARC = YES;
				CLANG_WARN_BOOL_CONVERSION = YES;
				CLANG_WARN_CONSTANT_CONVERSION = YES;
				CLANG_WARN_DIRECT_OBJC_ISA_USAGE = YES_ERROR;
				CLANG_WARN_EMPTY_BODY = YES;
				CLANG_WARN_ENUM_CONVERSION = YES;
				CLANG_WARN_INT_CONVERSION = YES;
				CLANG_WARN_OBJC_ROOT_CLASS = YES_ERROR;
				CLANG_WARN__DUPLICATE_METHOD_MATCH = YES;
				"CODE_SIGN_IDENTITY[sdk=iphoneos*]" = "iPhone Developer";
				COPY_PHASE_STRIP = YES;
				ENABLE_NS_ASSERTIONS = NO;
				GCC_C_LANGUAGE_STANDARD = gnu99;
				GCC_WARN_64_TO_32_BIT_CONVERSION = YES;
				GCC_WARN_ABOUT_RETURN_TYPE = YES_ERROR;
				GCC_WARN_UNDECLARED_SELECTOR = YES;
				GCC_WARN_UNINITIALIZED_AUTOS = YES_AGGRESSIVE;
				GCC_WARN_UNUSED_FUNCTION = YES;
				GCC_WARN_UNUSED_VARIABLE = YES;
				IPHONEOS_DEPLOYMENT_TARGET = 7.1;
				SDKROOT = iphoneos;
				VALIDATE_PRODUCT = YES;
			};
			name = Release;
		};
		0F7A25C319587ADE001B7839 /* Debug */ = {
			isa = XCBuildConfiguration;
			baseConfigurationReference = E359C94E1AFB4D60B499DEE6 /* Pods.xcconfig */;
			buildSettings = {
				ASSETCATALOG_COMPILER_APPICON_NAME = AppIcon;
				ASSETCATALOG_COMPILER_LAUNCHIMAGE_NAME = LaunchImage;
				GCC_PRECOMPILE_PREFIX_HEADER = YES;
				GCC_PREFIX_HEADER = "BeaconGalax/BeaconGalax-Prefix.pch";
				INFOPLIST_FILE = "BeaconGalax/BeaconGalax-Info.plist";
				PRODUCT_NAME = "$(TARGET_NAME)";
				WRAPPER_EXTENSION = app;
			};
			name = Debug;
		};
		0F7A25C419587ADE001B7839 /* Release */ = {
			isa = XCBuildConfiguration;
			baseConfigurationReference = E359C94E1AFB4D60B499DEE6 /* Pods.xcconfig */;
			buildSettings = {
				ASSETCATALOG_COMPILER_APPICON_NAME = AppIcon;
				ASSETCATALOG_COMPILER_LAUNCHIMAGE_NAME = LaunchImage;
				GCC_PRECOMPILE_PREFIX_HEADER = YES;
				GCC_PREFIX_HEADER = "BeaconGalax/BeaconGalax-Prefix.pch";
				INFOPLIST_FILE = "BeaconGalax/BeaconGalax-Info.plist";
				PRODUCT_NAME = "$(TARGET_NAME)";
				WRAPPER_EXTENSION = app;
			};
			name = Release;
		};
		0F7A25C619587ADE001B7839 /* Debug */ = {
			isa = XCBuildConfiguration;
			buildSettings = {
				BUNDLE_LOADER = "$(BUILT_PRODUCTS_DIR)/BeaconGalax.app/BeaconGalax";
				FRAMEWORK_SEARCH_PATHS = (
					"$(SDKROOT)/Developer/Library/Frameworks",
					"$(inherited)",
					"$(DEVELOPER_FRAMEWORKS_DIR)",
				);
				GCC_PRECOMPILE_PREFIX_HEADER = YES;
				GCC_PREFIX_HEADER = "BeaconGalax/BeaconGalax-Prefix.pch";
				GCC_PREPROCESSOR_DEFINITIONS = (
					"DEBUG=1",
					"$(inherited)",
				);
				INFOPLIST_FILE = "BeaconGalaxTests/BeaconGalaxTests-Info.plist";
				PRODUCT_NAME = "$(TARGET_NAME)";
				TEST_HOST = "$(BUNDLE_LOADER)";
				WRAPPER_EXTENSION = xctest;
			};
			name = Debug;
		};
		0F7A25C719587ADE001B7839 /* Release */ = {
			isa = XCBuildConfiguration;
			buildSettings = {
				BUNDLE_LOADER = "$(BUILT_PRODUCTS_DIR)/BeaconGalax.app/BeaconGalax";
				FRAMEWORK_SEARCH_PATHS = (
					"$(SDKROOT)/Developer/Library/Frameworks",
					"$(inherited)",
					"$(DEVELOPER_FRAMEWORKS_DIR)",
				);
				GCC_PRECOMPILE_PREFIX_HEADER = YES;
				GCC_PREFIX_HEADER = "BeaconGalax/BeaconGalax-Prefix.pch";
				INFOPLIST_FILE = "BeaconGalaxTests/BeaconGalaxTests-Info.plist";
				PRODUCT_NAME = "$(TARGET_NAME)";
				TEST_HOST = "$(BUNDLE_LOADER)";
				WRAPPER_EXTENSION = xctest;
			};
			name = Release;
		};
/* End XCBuildConfiguration section */

/* Begin XCConfigurationList section */
		0F7A258B19587ADE001B7839 /* Build configuration list for PBXProject "BeaconGalax" */ = {
			isa = XCConfigurationList;
			buildConfigurations = (
				0F7A25C019587ADE001B7839 /* Debug */,
				0F7A25C119587ADE001B7839 /* Release */,
			);
			defaultConfigurationIsVisible = 0;
			defaultConfigurationName = Release;
		};
		0F7A25C219587ADE001B7839 /* Build configuration list for PBXNativeTarget "BeaconGalax" */ = {
			isa = XCConfigurationList;
			buildConfigurations = (
				0F7A25C319587ADE001B7839 /* Debug */,
				0F7A25C419587ADE001B7839 /* Release */,
			);
			defaultConfigurationIsVisible = 0;
			defaultConfigurationName = Release;
		};
		0F7A25C519587ADE001B7839 /* Build configuration list for PBXNativeTarget "BeaconGalaxTests" */ = {
			isa = XCConfigurationList;
			buildConfigurations = (
				0F7A25C619587ADE001B7839 /* Debug */,
				0F7A25C719587ADE001B7839 /* Release */,
			);
			defaultConfigurationIsVisible = 0;
			defaultConfigurationName = Release;
		};
/* End XCConfigurationList section */
	};
	rootObject = 0F7A258819587ADE001B7839 /* Project object */;
}
